PODS:
  - AWSCognito (2.10.2):
    - AWSCore (= 2.10.2)
  - AWSCore (2.10.2)
  - AWSS3 (2.10.2):
    - AWSCore (= 2.10.2)
  - Overture (0.5.0)

DEPENDENCIES:
  - AWSCognito
  - AWSCore
  - AWSS3
  - Overture (~> 0.5)

SPEC REPOS:
  https://github.com/cocoapods/specs.git:
    - AWSCognito
    - AWSCore
    - AWSS3
    - Overture

SPEC CHECKSUMS:
  AWSCognito: 7d90e1e90fd49cfa77292ae92f8c745ff854f650
  AWSCore: 2e91f89187d1238be35ce8c57aac98c42def640f
  AWSS3: f0f81ee725de69f631051cead12791ff5dfbba14
  Overture: 2e6252ead5da6d3347f758047f27a31cb469d59d

PODFILE CHECKSUM: 534c3e6b47003ce103e5eb93682e4bec93305b64

COCOAPODS: 1.7.5
